
Microsoft Visual Studio Solution File, Format Version 12.00
# Visual Studio 14
VisualStudioVersion = 14.0.24720.0
MinimumVisualStudioVersion = 10.0.40219.1
Project("{FAE04EC0-301F-11D3-BF4B-00C04F79EFBC}") = "RankSearch", "RankSearch\RankSearch.csproj", "{45657F9B-B6DA-4CE4-AE7F-E2F267C070F8}"
EndProject
Global
	GlobalSection(SolutionConfigurationPlatforms) = preSolution
		Debug|Any CPU = Debug|Any CPU
		Release|Any CPU = Release|Any CPU
	EndGlobalSection
	GlobalSection(ProjectConfigurationPlatforms) = postSolution
		{45657F9B-B6DA-4CE4-AE7F-E2F267C070F8}.Debug|Any CPU.ActiveCfg = Debug|Any CPU
		{45657F9B-B6DA-4CE4-AE7F-E2F267C070F8}.Debug|Any CPU.Build.0 = Debug|Any CPU
		{45657F9B-B6DA-4CE4-AE7F-E2F267C070F8}.Release|Any CPU.ActiveCfg = Release|Any CPU
		{45657F9B-B6DA-4CE4-AE7F-E2F267C070F8}.Release|Any CPU.Build.0 = Release|Any CPU
	EndGlobalSection
	GlobalSection(SolutionProperties) = preSolution
		HideSolutionNode = FALSE
	EndGlobalSection
EndGlobal
